
Microsoft Visual Studio Solution File, Format Version 12.00
# Visual Studio 15
Project("{FAE04EC0-301F-11D3-BF4B-00C04F79EFBC}") = "Assembly-CSharp", "Assembly-CSharp.csproj", "{009E1DFC-A67B-46D7-7499-CCE64682D732}"
EndProject
Project("{FAE04EC0-301F-11D3-BF4B-00C04F79EFBC}") = "Assembly-CSharp-firstpass", "Assembly-CSharp-firstpass.csproj", "{9C968D7C-BBF9-F9BD-F692-4C81E4D877A2}"
EndProject
Global
	GlobalSection(SolutionConfigurationPlatforms) = preSolution
		Debug|Any CPU = Debug|Any CPU
		Release|Any CPU = Release|Any CPU
	EndGlobalSection
	GlobalSection(ProjectConfigurationPlatforms) = postSolution
		{009E1DFC-A67B-46D7-7499-CCE64682D732}.Debug|Any CPU.ActiveCfg = Debug|Any CPU
		{009E1DFC-A67B-46D7-7499-CCE64682D732}.Debug|Any CPU.Build.0 = Debug|Any CPU
		{009E1DFC-A67B-46D7-7499-CCE64682D732}.Release|Any CPU.ActiveCfg = Release|Any CPU
		{009E1DFC-A67B-46D7-7499-CCE64682D732}.Release|Any CPU.Build.0 = Release|Any CPU
		{9C968D7C-BBF9-F9BD-F692-4C81E4D877A2}.Debug|Any CPU.ActiveCfg = Debug|Any CPU
		{9C968D7C-BBF9-F9BD-F692-4C81E4D877A2}.Debug|Any CPU.Build.0 = Debug|Any CPU
		{9C968D7C-BBF9-F9BD-F692-4C81E4D877A2}.Release|Any CPU.ActiveCfg = Release|Any CPU
		{9C968D7C-BBF9-F9BD-F692-4C81E4D877A2}.Release|Any CPU.Build.0 = Release|Any CPU
	EndGlobalSection
	GlobalSection(SolutionProperties) = preSolution
		HideSolutionNode = FALSE
	EndGlobalSection
	GlobalSection(MonoDevelopProperties) = preSolution
		StartupItem = Assembly-CSharp.csproj
	EndGlobalSection
EndGlobal
