
<<<<<<< HEAD
Microsoft Visual Studio Solution File, Format Version 11.00
# Visual Studio 2010
Project("{FAE04EC0-301F-11D3-BF4B-00C04F79EFBC}") = "Assembly-CSharp", "Assembly-CSharp.csproj", "{764D3161-308A-DD9D-9F6A-41C6297202C7}"
EndProject
Project("{FAE04EC0-301F-11D3-BF4B-00C04F79EFBC}") = "Assembly-CSharp-firstpass", "Assembly-CSharp-firstpass.csproj", "{516DECD7-2945-3A3F-41F6-850D345533A7}"
=======
Microsoft Visual Studio Solution File, Format Version 12.00
# Visual Studio 15
Project("{FAE04EC0-301F-11D3-BF4B-00C04F79EFBC}") = "Assembly-CSharp", "Assembly-CSharp.csproj", "{009E1DFC-A67B-46D7-7499-CCE64682D732}"
EndProject
Project("{FAE04EC0-301F-11D3-BF4B-00C04F79EFBC}") = "Assembly-CSharp-firstpass", "Assembly-CSharp-firstpass.csproj", "{9C968D7C-BBF9-F9BD-F692-4C81E4D877A2}"
>>>>>>> cd9049db35aed93387e5090a3c93e6e6e720be2d
EndProject
Global
	GlobalSection(SolutionConfigurationPlatforms) = preSolution
		Debug|Any CPU = Debug|Any CPU
		Release|Any CPU = Release|Any CPU
	EndGlobalSection
	GlobalSection(ProjectConfigurationPlatforms) = postSolution
<<<<<<< HEAD
		{764D3161-308A-DD9D-9F6A-41C6297202C7}.Debug|Any CPU.ActiveCfg = Debug|Any CPU
		{764D3161-308A-DD9D-9F6A-41C6297202C7}.Debug|Any CPU.Build.0 = Debug|Any CPU
		{764D3161-308A-DD9D-9F6A-41C6297202C7}.Release|Any CPU.ActiveCfg = Release|Any CPU
		{764D3161-308A-DD9D-9F6A-41C6297202C7}.Release|Any CPU.Build.0 = Release|Any CPU
		{516DECD7-2945-3A3F-41F6-850D345533A7}.Debug|Any CPU.ActiveCfg = Debug|Any CPU
		{516DECD7-2945-3A3F-41F6-850D345533A7}.Debug|Any CPU.Build.0 = Debug|Any CPU
		{516DECD7-2945-3A3F-41F6-850D345533A7}.Release|Any CPU.ActiveCfg = Release|Any CPU
		{516DECD7-2945-3A3F-41F6-850D345533A7}.Release|Any CPU.Build.0 = Release|Any CPU
=======
		{009E1DFC-A67B-46D7-7499-CCE64682D732}.Debug|Any CPU.ActiveCfg = Debug|Any CPU
		{009E1DFC-A67B-46D7-7499-CCE64682D732}.Debug|Any CPU.Build.0 = Debug|Any CPU
		{009E1DFC-A67B-46D7-7499-CCE64682D732}.Release|Any CPU.ActiveCfg = Release|Any CPU
		{009E1DFC-A67B-46D7-7499-CCE64682D732}.Release|Any CPU.Build.0 = Release|Any CPU
		{9C968D7C-BBF9-F9BD-F692-4C81E4D877A2}.Debug|Any CPU.ActiveCfg = Debug|Any CPU
		{9C968D7C-BBF9-F9BD-F692-4C81E4D877A2}.Debug|Any CPU.Build.0 = Debug|Any CPU
		{9C968D7C-BBF9-F9BD-F692-4C81E4D877A2}.Release|Any CPU.ActiveCfg = Release|Any CPU
		{9C968D7C-BBF9-F9BD-F692-4C81E4D877A2}.Release|Any CPU.Build.0 = Release|Any CPU
>>>>>>> cd9049db35aed93387e5090a3c93e6e6e720be2d
	EndGlobalSection
	GlobalSection(SolutionProperties) = preSolution
		HideSolutionNode = FALSE
	EndGlobalSection
<<<<<<< HEAD
=======
	GlobalSection(MonoDevelopProperties) = preSolution
		StartupItem = Assembly-CSharp.csproj
	EndGlobalSection
>>>>>>> cd9049db35aed93387e5090a3c93e6e6e720be2d
EndGlobal
